
Microsoft Visual Studio Solution File, Format Version 12.00
# Visual Studio 2013
VisualStudioVersion = 12.0.31101.0
MinimumVisualStudioVersion = 10.0.40219.1
Project("{FAE04EC0-301F-11D3-BF4B-00C04F79EFBC}") = "JFG.ByteHelper", "ByteHelper\JFG.ByteHelper.csproj", "{3A8C7983-6A6D-461C-88E9-B2538F62086F}"
EndProject
Project("{FAE04EC0-301F-11D3-BF4B-00C04F79EFBC}") = "JFG.ByteHelper.Tests", "ByteHelper.Tests\JFG.ByteHelper.Tests.csproj", "{F3C34AD8-8D9A-46A2-A77F-F9207A8F6AEE}"
EndProject
Project("{2150E333-8FDC-42A3-9474-1A3956D46DE8}") = ".nuget", ".nuget", "{F56624E6-96ED-4100-9879-384F6BD4F7D3}"
	ProjectSection(SolutionItems) = preProject
		.nuget\packages.config = .nuget\packages.config
	EndProjectSection
EndProject
Global
	GlobalSection(SolutionConfigurationPlatforms) = preSolution
		Debug|Any CPU = Debug|Any CPU
		Release|Any CPU = Release|Any CPU
	EndGlobalSection
	GlobalSection(ProjectConfigurationPlatforms) = postSolution
		{3A8C7983-6A6D-461C-88E9-B2538F62086F}.Debug|Any CPU.ActiveCfg = Debug|Any CPU
		{3A8C7983-6A6D-461C-88E9-B2538F62086F}.Debug|Any CPU.Build.0 = Debug|Any CPU
		{3A8C7983-6A6D-461C-88E9-B2538F62086F}.Release|Any CPU.ActiveCfg = Release|Any CPU
		{3A8C7983-6A6D-461C-88E9-B2538F62086F}.Release|Any CPU.Build.0 = Release|Any CPU
		{F3C34AD8-8D9A-46A2-A77F-F9207A8F6AEE}.Debug|Any CPU.ActiveCfg = Debug|Any CPU
		{F3C34AD8-8D9A-46A2-A77F-F9207A8F6AEE}.Debug|Any CPU.Build.0 = Debug|Any CPU
		{F3C34AD8-8D9A-46A2-A77F-F9207A8F6AEE}.Release|Any CPU.ActiveCfg = Release|Any CPU
		{F3C34AD8-8D9A-46A2-A77F-F9207A8F6AEE}.Release|Any CPU.Build.0 = Release|Any CPU
	EndGlobalSection
	GlobalSection(SolutionProperties) = preSolution
		HideSolutionNode = FALSE
	EndGlobalSection
EndGlobal
